
Microsoft Visual Studio Solution File, Format Version 12.00
# Visual Studio 15
VisualStudioVersion = 15.0.28307.106
MinimumVisualStudioVersion = 10.0.40219.1
Project("{FAE04EC0-301F-11D3-BF4B-00C04F79EFBC}") = "ElevenNote.WebMVC", "ElevenNote.WebMVC\ElevenNote.WebMVC.csproj", "{F43128AC-2088-45BB-92D8-1482C809CC90}"
EndProject
Global
	GlobalSection(SolutionConfigurationPlatforms) = preSolution
		Debug|Any CPU = Debug|Any CPU
		Release|Any CPU = Release|Any CPU
	EndGlobalSection
	GlobalSection(ProjectConfigurationPlatforms) = postSolution
		{F43128AC-2088-45BB-92D8-1482C809CC90}.Debug|Any CPU.ActiveCfg = Debug|Any CPU
		{F43128AC-2088-45BB-92D8-1482C809CC90}.Debug|Any CPU.Build.0 = Debug|Any CPU
		{F43128AC-2088-45BB-92D8-1482C809CC90}.Release|Any CPU.ActiveCfg = Release|Any CPU
		{F43128AC-2088-45BB-92D8-1482C809CC90}.Release|Any CPU.Build.0 = Release|Any CPU
	EndGlobalSection
	GlobalSection(SolutionProperties) = preSolution
		HideSolutionNode = FALSE
	EndGlobalSection
	GlobalSection(ExtensibilityGlobals) = postSolution
		SolutionGuid = {D9054D98-D14F-43F7-9663-D98CCA1C95E9}
	EndGlobalSection
EndGlobal
